{
  "name": "pjsekai-frida-scripts",
  "lockfileVersion": 3,
  "requires": true,
  "packages": {
    "": {
      "dependencies": {
        "@types/frida-gum": "^19.0.0",
        "@types/node": "^24.0.4",
        "frida-il2cpp-bridge": "^0.12.0"
      }
    },
    "node_modules\\@types\\frida-gum": {
      "version": "19.0.0",
      "resolved": "https://registry.npmjs.org/@types/frida-gum/-/frida-gum-19.0.0.tgz",
      "integrity": "sha512-qViK1KwvPEAkajwSUv0wpZvZLiX8xO4JFFCh8dfYZfzSyOEfoE0KliCP/nJSKIKG6N3hXnPowrvPufjs5fLKAA=="
    },
    "node_modules\\@types\\node": {
      "version": "24.0.4",
      "resolved": "https://registry.npmjs.org/@types/node/-/node-24.0.4.tgz",
      "integrity": "sha512-ulyqAkrhnuNq9pB76DRBTkcS6YsmDALy6Ua63V8OhrOBgbcYt6IOdzpw5P1+dyRIyMerzLkeYWBeOXPpA9GMAA==",
      "license": "MIT",
      "dependencies": {
        "undici-types": "~7.8.0"
      }
    },
    "node_modules\\frida-il2cpp-bridge": {
      "version": "0.12.0",
      "resolved": "https://registry.npmjs.org/frida-il2cpp-bridge/-/frida-il2cpp-bridge-0.12.0.tgz",
      "integrity": "sha512-FEzUXOdgk1RrN4LusK9IWzCxr6BNLvFkkVl6ZGZdf3clEM0OcXggeL4/tqPfOgZsgn4CKX8PpIZBJiP659YkNg==",
      "license": "MIT"
    },
    "node_modules\\undici-types": {
      "version": "7.8.0",
      "resolved": "https://registry.npmjs.org/undici-types/-/undici-types-7.8.0.tgz",
      "integrity": "sha512-9UJ2xGDvQ43tYyVMpuHlsgApydB8ZKfVYTsLDhXkFL/6gfkp+U8xTGdh8pMJv1SpZna0zxG1DwsKZsreLbXBxw=="
    }
  }
}
