{
  "name": "PJSekai-frida-scripts",
  "lockfileVersion": 3,
  "requires": true,
  "packages": {
    "": {
      "dependencies": {
        "@types/frida-gum": "^18.4.7",
        "frida-il2cpp-bridge": "^0.11.0"
      }
    },
    "node_modules/@types/frida-gum": {
      "version": "18.8.2",
      "resolved": "https://registry.npmjs.org/@types/frida-gum/-/frida-gum-18.8.2.tgz",
      "integrity": "sha512-5KH6ITrKJQe1UWrNnbXXx3KXRe/Lx9I1EwkBdC+AMmlo9F5UC0PxdC959aGxhfjXBRIHWxXwXPi3JmeWIbeqeg==",
      "license": "MIT"
    },
    "node_modules/frida-il2cpp-bridge": {
      "version": "0.11.0",
      "resolved": "https://registry.npmjs.org/frida-il2cpp-bridge/-/frida-il2cpp-bridge-0.11.0.tgz",
      "integrity": "sha512-STauXoR+mAvF4pzzbRdDAiQhT8g8/5fBF8KX7DTPsM8YvNUCEP1FC8K1b1gU0lg8JrId8yO/Tjamtq+K483+Kg==",
      "license": "MIT",
      "bin": {
        "frida-il2cpp-bridge": "cli/main.py"
      }
    }
  }
}
